# Generated by pub
# See https://dart.dev/tools/pub/glossary#lockfile
packages:
  _fe_analyzer_shared:
    dependency: transitive
    description:
      name: _fe_analyzer_shared
      sha256: fdcd9f70f9eb80df3bc5ed0fa67280df2595fd481948df8a9ab082e6a40ad04b
      url: "https://pub.dev"
    source: hosted
    version: "108.0.0"
  analyzer:
    dependency: transitive
    description:
      name: analyzer
      sha256: a51c769bff3b6dfbe9d60199b8606d808290702a296bef0c26a4ca391d414e46
      url: "https://pub.dev"
    source: hosted
    version: "14.4.0"
  analyzer_buffer:
    dependency: transitive
    description:
      name: analyzer_buffer
      sha256: f890a2e708e38fbf4238ad2f9fd3d506538acdddb0cd8eb2c3e8c7bd17784b57
      url: "https://pub.dev"
    source: hosted
    version: "0.3.4"
  args:
    dependency: transitive
    description:
      name: args
      sha256: d0481093c50b1da8910eb0bb301626d4d8eb7284aa739614d2b394ee09e3ea04
      url: "https://pub.dev"
    source: hosted
    version: "2.7.0"
  async:
    dependency: transitive
    description:
      name: async
      sha256: e2eb0491ba5ddb6177742d2da23904574082139b07c1e33b8503b9f46f3e1a37
      url: "https://pub.dev"
    source: hosted
    version: "2.13.1"
  boolean_selector:
    dependency: transitive
    description:
      name: boolean_selector
      sha256: "8aab1771e1243a5063b8b0ff68042d67334e3feab9e95b9490f9a6ebf73b42ea"
      url: "https://pub.dev"
    source: hosted
    version: "2.1.2"
  build:
    dependency: transitive
    description:
      name: build
      sha256: "8a5c5761af8e31748bba3c82f68925ace40f3225c3eea25be9beb57eca7cd7a8"
      url: "https://pub.dev"
    source: hosted
    version: "4.0.11"
  build_config:
    dependency: transitive
    description:
      name: build_config
      sha256: d466ed2dc9c6cd1d169948879b84ee061eb5e22c64a7c6089879c6296d272a8d
      url: "https://pub.dev"
    source: hosted
    version: "1.3.3"
  build_daemon:
    dependency: transitive
    description:
      name: build_daemon
      sha256: e1d40ef3f7934986d5da2271b1ba07794921ce263e44d622fb6c406d76589e33
      url: "https://pub.dev"
    source: hosted
    version: "4.1.6"
  build_runner:
    dependency: "direct dev"
    description:
      name: build_runner
      sha256: "894c243f6bc32015fec466ce30a6925bd537a77a426ee5bf481120477eb3de67"
      url: "https://pub.dev"
    source: hosted
    version: "2.16.1"
  built_collection:
    dependency: "direct main"
    description:
      name: built_collection
      sha256: "376e3dd27b51ea877c28d525560790aee2e6fbb5f20e2f85d5081027d94e2100"
      url: "https://pub.dev"
    source: hosted
    version: "5.1.1"
  built_value:
    dependency: "direct main"
    description:
      name: built_value
      sha256: f87ea98192116f7093cb214551ce1929caae0681fdba282b3d8b4462adee7bb7
      url: "https://pub.dev"
    source: hosted
    version: "8.13.0"
  built_value_generator:
    dependency: "direct dev"
    description:
      name: built_value_generator
      sha256: "68af3b1a6829c760f1c039c4302be60f35a65af5f93a9cfed5d65f681eca3757"
      url: "https://pub.dev"
    source: hosted
    version: "8.13.0"
  characters:
    dependency: "direct main"
    description:
      name: characters
      sha256: faf38497bda5ead2a8c7615f4f7939df04333478bf32e4173fcb06d428b5716b
      url: "https://pub.dev"
    source: hosted
    version: "1.4.1"
  checked_yaml:
    dependency: transitive
    description:
      name: checked_yaml
      sha256: "959525d3162f249993882720d52b7e0c833978df229be20702b33d48d91de70f"
      url: "https://pub.dev"
    source: hosted
    version: "2.0.4"
  clock:
    dependency: transitive
    description:
      name: clock
      sha256: e51d50bca3217c9a9fa2b41a30e4a38971133f5f9ec7a3d57bae095007f1d28e
      url: "https://pub.dev"
    source: hosted
    version: "1.1.3"
  code_builder:
    dependency: transitive
    description:
      name: code_builder
      sha256: aa5932e94c6c39c2f9ec4e5e06dfdd11a9430a61f6c41b6ba75b28ce0c481baf
      url: "https://pub.dev"
    source: hosted
    version: "4.12.0"
  collection:
    dependency: transitive
    description:
      name: collection
      sha256: "2f5709ae4d3d59dd8f7cd309b4e023046b57d8a6c82130785d2b0e5868084e76"
      url: "https://pub.dev"
    source: hosted
    version: "1.19.1"
  convert:
    dependency: transitive
    description:
      name: convert
      sha256: b30acd5944035672bc15c6b7a8b47d773e41e2f17de064350988c5d02adb1c68
      url: "https://pub.dev"
    source: hosted
    version: "3.1.2"
  crypto:
    dependency: transitive
    description:
      name: crypto
      sha256: c8ea0233063ba03258fbcf2ca4d6dadfefe14f02fab57702265467a19f27fadf
      url: "https://pub.dev"
    source: hosted
    version: "3.0.7"
  dart_style:
    dependency: transitive
    description:
      name: dart_style
      sha256: "82ade9fc4273f29ed673e33166944465225b4f7fc5d4aaef48605cc751c18fc1"
      url: "https://pub.dev"
    source: hosted
    version: "3.1.13"
  fake_async:
    dependency: transitive
    description:
      name: fake_async
      sha256: "5368f224a74523e8d2e7399ea1638b37aecfca824a3cc4dfdf77bf1fa905ac44"
      url: "https://pub.dev"
    source: hosted
    version: "1.3.3"
  file:
    dependency: transitive
    description:
      name: file
      sha256: a3b4f84adafef897088c160faf7dfffb7696046cb13ae90b508c2cbc95d3b8d4
      url: "https://pub.dev"
    source: hosted
    version: "7.0.1"
  fixnum:
    dependency: transitive
    description:
      name: fixnum
      sha256: b6dc7065e46c974bc7c5f143080a6764ec7a4be6da1285ececdc37be96de53be
      url: "https://pub.dev"
    source: hosted
    version: "1.1.1"
  flutter:
    dependency: "direct main"
    description: flutter
    source: sdk
    version: "0.0.0"
  flutter_lints:
    dependency: "direct dev"
    description:
      name: flutter_lints
      sha256: "3105dc8492f6183fb076ccf1f351ac3d60564bff92e20bfc4af9cc1651f4e7e1"
      url: "https://pub.dev"
    source: hosted
    version: "6.0.0"
  flutter_riverpod:
    dependency: "direct main"
    description:
      name: flutter_riverpod
      sha256: "2b7f9d2a3c730ac1a98221b420cef966b990fca7ab546ede324642ca57a533e3"
      url: "https://pub.dev"
    source: hosted
    version: "3.4.3"
  flutter_test:
    dependency: "direct dev"
    description: flutter
    source: sdk
    version: "0.0.0"
  freezed_annotation:
    dependency: transitive
    description:
      name: freezed_annotation
      sha256: "7294967ff0a6d98638e7acb774aac3af2550777accd8149c90af5b014e6d44d8"
      url: "https://pub.dev"
    source: hosted
    version: "3.1.0"
  glob:
    dependency: transitive
    description:
      name: glob
      sha256: "218aeb56050c714f62a3182775320dfa04602b55074873e24e31bbd39bda96fb"
      url: "https://pub.dev"
    source: hosted
    version: "2.2.0"
  graphs:
    dependency: transitive
    description:
      name: graphs
      sha256: "741bbf84165310a68ff28fe9e727332eef1407342fca52759cb21ad8177bb8d0"
      url: "https://pub.dev"
    source: hosted
    version: "2.3.2"
  http_multi_server:
    dependency: transitive
    description:
      name: http_multi_server
      sha256: aa6199f908078bb1c5efb8d8638d4ae191aac11b311132c3ef48ce352fb52ef8
      url: "https://pub.dev"
    source: hosted
    version: "3.2.2"
  http_parser:
    dependency: transitive
    description:
      name: http_parser
      sha256: "178d74305e7866013777bab2c3d8726205dc5a4dd935297175b19a23a2e66571"
      url: "https://pub.dev"
    source: hosted
    version: "4.1.2"
  intl:
    dependency: "direct main"
    description:
      name: intl
      sha256: "1ca20c894b1717686a2319b8548763d812bc0aabdac580420a44c5178c57a867"
      url: "https://pub.dev"
    source: hosted
    version: "0.20.3"
  io:
    dependency: transitive
    description:
      name: io
      sha256: "2635216ca6a737e60de577ffa1a48a0bec76ca8a62917cfc1bb88c14c570646f"
      url: "https://pub.dev"
    source: hosted
    version: "1.1.0"
  json_annotation:
    dependency: transitive
    description:
      name: json_annotation
      sha256: "2a743920d81b7910627f68ee2c9ac1fc0bfee32b9fc3403587d7c6791ca12f80"
      url: "https://pub.dev"
    source: hosted
    version: "4.12.0"
  leak_tracker:
    dependency: transitive
    description:
      name: leak_tracker
      sha256: "33e2e26bdd85a0112ec15400c8cbffea70d0f9c3407491f672a2fad47915e2de"
      url: "https://pub.dev"
    source: hosted
    version: "11.0.2"
  leak_tracker_flutter_testing:
    dependency: transitive
    description:
      name: leak_tracker_flutter_testing
      sha256: "1dbc140bb5a23c75ea9c4811222756104fbcd1a27173f0c34ca01e16bea473c1"
      url: "https://pub.dev"
    source: hosted
    version: "3.0.10"
  leak_tracker_testing:
    dependency: transitive
    description:
      name: leak_tracker_testing
      sha256: "8d5a2d49f4a66b49744b23b018848400d23e54caf9463f4eb20df3eb8acb2eb1"
      url: "https://pub.dev"
    source: hosted
    version: "3.0.2"
  lints:
    dependency: transitive
    description:
      name: lints
      sha256: "12f842a479589fea194fe5c5a3095abc7be0c1f2ddfa9a0e76aed1dbd26a87df"
      url: "https://pub.dev"
    source: hosted
    version: "6.1.0"
  listen:
    dependency: transitive
    description:
      name: listen
      sha256: "47501a08016a43fcad79252439d723f50f14f88fa7bfd8a177e0a417e5c9e1f2"
      url: "https://pub.dev"
    source: hosted
    version: "1.0.1"
  logging:
    dependency: transitive
    description:
      name: logging
      sha256: c8245ada5f1717ed44271ed1c26b8ce85ca3228fd2ffdb75468ab01979309d61
      url: "https://pub.dev"
    source: hosted
    version: "1.3.0"
  matcher:
    dependency: transitive
    description:
      name: matcher
      sha256: "31bd099b47c10cd1aeb55146a2d46ce0277630ecef3f7dae54ad7873f36696cd"
      url: "https://pub.dev"
    source: hosted
    version: "0.12.20"
  material_color_utilities:
    dependency: transitive
    description:
      name: material_color_utilities
      sha256: "9c337007e82b1889149c82ed242ed1cb24a66044e30979c44912381e9be4c48b"
      url: "https://pub.dev"
    source: hosted
    version: "0.13.0"
  meta:
    dependency: transitive
    description:
      name: meta
      sha256: c82594181e3312f3d0695fc95aaaf7758d75b8d4ae2bbecf223b9fd5109a059d
      url: "https://pub.dev"
    source: hosted
    version: "1.18.3"
  mime:
    dependency: transitive
    description:
      name: mime
      sha256: bd47de35f07e27267e69c8c8b22edf9473bfee170a60d60fcc93730c5144b7f6
      url: "https://pub.dev"
    source: hosted
    version: "2.1.0"
  mockito:
    dependency: transitive
    description:
      name: mockito
      sha256: "6c1970612452260366064d4df80fdb3eece1ec5e52610ae34a0e51f2f3d8e64f"
      url: "https://pub.dev"
    source: hosted
    version: "5.8.1"
  package_config:
    dependency: transitive
    description:
      name: package_config
      sha256: ffcf4cf3d6c0b74ac43708d9f56625506e8a68aa935abe9d267a7330f320eb5d
      url: "https://pub.dev"
    source: hosted
    version: "3.0.0"
  path:
    dependency: transitive
    description:
      name: path
      sha256: "75cca69d1490965be98c73ceaea117e8a04dd21217b37b292c9ddbec0d955bc5"
      url: "https://pub.dev"
    source: hosted
    version: "1.9.1"
  pool:
    dependency: transitive
    description:
      name: pool
      sha256: "4177f68c237ea2128d1bee66ac17b2ce05ba3dbaafcbdd54c5d40a39d0b6b11c"
      url: "https://pub.dev"
    source: hosted
    version: "1.5.3"
  pub_semver:
    dependency: transitive
    description:
      name: pub_semver
      sha256: "261236774e8b1d69cfc6b9eabbc96c40f25e7a2d6b171f3385d4f65d5734fb24"
      url: "https://pub.dev"
    source: hosted
    version: "2.2.1"
  pubspec_parse:
    dependency: transitive
    description:
      name: pubspec_parse
      sha256: c38b81cbf34450b67e0265d73433569d12e34782e30ed769c9cc99c9d5f2e796
      url: "https://pub.dev"
    source: hosted
    version: "1.6.0"
  riverpod:
    dependency: "direct main"
    description:
      name: riverpod
      sha256: "484dfc873ea4c4f4240e5635444fa066f87b07862b7279ebd004a2b71fba4b7a"
      url: "https://pub.dev"
    source: hosted
    version: "3.4.3"
  riverpod_analyzer_utils:
    dependency: transitive
    description:
      name: riverpod_analyzer_utils
      sha256: bb13cb3985815840cc103eda1027158358c5fdc00f308fc6f76574d0594107af
      url: "https://pub.dev"
    source: hosted
    version: "1.0.0-dev.12"
  riverpod_annotation:
    dependency: "direct main"
    description:
      name: riverpod_annotation
      sha256: "322e56ad198928ef26ba240f85421bfff2493bd65665c887b1299e6386b6206d"
      url: "https://pub.dev"
    source: hosted
    version: "4.0.7"
  riverpod_generator:
    dependency: "direct dev"
    description:
      name: riverpod_generator
      sha256: c94dcb8b60ff4805d2bb8cacca969c48237bcb563e2ab0b5afb50204470c7636
      url: "https://pub.dev"
    source: hosted
    version: "4.0.9"
  shelf:
    dependency: transitive
    description:
      name: shelf
      sha256: e7dd780a7ffb623c57850b33f43309312fc863fb6aa3d276a754bb299839ef12
      url: "https://pub.dev"
    source: hosted
    version: "1.4.2"
  shelf_web_socket:
    dependency: transitive
    description:
      name: shelf_web_socket
      sha256: "3632775c8e90d6c9712f883e633716432a27758216dfb61bd86a8321c0580925"
      url: "https://pub.dev"
    source: hosted
    version: "3.0.0"
  sky_engine:
    dependency: transitive
    description: flutter
    source: sdk
    version: "0.0.0"
  source_gen:
    dependency: transitive
    description:
      name: source_gen
      sha256: "11b6047da8e4eb6c643ccac3d0fda3f9c9e11651695f7da24a85ade8aff15a44"
      url: "https://pub.dev"
    source: hosted
    version: "4.3.0"
  source_span:
    dependency: transitive
    description:
      name: source_span
      sha256: "56a02f1f4cd1a2d96303c0144c93bd6d909eea6bee6bf5a0e0b685edbd4c47ab"
      url: "https://pub.dev"
    source: hosted
    version: "1.10.2"
  stack_trace:
    dependency: transitive
    description:
      name: stack_trace
      sha256: "277654b3034d17ac6f9f1cb5595db011b1d5d41e8806866db28e0abaa101c490"
      url: "https://pub.dev"
    source: hosted
    version: "1.12.2"
  state_notifier:
    dependency: transitive
    description:
      name: state_notifier
      sha256: b8677376aa54f2d7c58280d5a007f9e8774f1968d1fb1c096adcb4792fba29bb
      url: "https://pub.dev"
    source: hosted
    version: "1.0.0"
  stream_channel:
    dependency: transitive
    description:
      name: stream_channel
      sha256: "969e04c80b8bcdf826f8f16579c7b14d780458bd97f56d107d3950fdbeef059d"
      url: "https://pub.dev"
    source: hosted
    version: "2.1.4"
  stream_transform:
    dependency: transitive
    description:
      name: stream_transform
      sha256: a00e5f18bffc764f923e7dec1038527f7fe7a1791361a7117f0358193f13d53a
      url: "https://pub.dev"
    source: hosted
    version: "2.1.2"
  string_scanner:
    dependency: transitive
    description:
      name: string_scanner
      sha256: "921cd31725b72fe181906c6a94d987c78e3b98c2e205b397ea399d4054872b43"
      url: "https://pub.dev"
    source: hosted
    version: "1.4.1"
  term_glyph:
    dependency: transitive
    description:
      name: term_glyph
      sha256: "7f554798625ea768a7518313e58f83891c7f5024f88e46e7182a4558850a4b8e"
      url: "https://pub.dev"
    source: hosted
    version: "1.2.2"
  test_api:
    dependency: transitive
    description:
      name: test_api
      sha256: "2a122cbe059f8b610d3a5415f42e255b6c17b1f21eee1d960f31080237fb4f11"
      url: "https://pub.dev"
    source: hosted
    version: "0.7.12"
  two_dimensional_scrollables:
    dependency: "direct main"
    description:
      name: two_dimensional_scrollables
      sha256: d3c4771a7ffc67a16950056742565960d32e729df8a52aa09731e5bb68e106df
      url: "https://pub.dev"
    source: hosted
    version: "0.5.4"
  typed_data:
    dependency: transitive
    description:
      name: typed_data
      sha256: f9049c039ebfeb4cf7a7104a675823cd72dba8297f264b6637062516699fa006
      url: "https://pub.dev"
    source: hosted
    version: "1.4.0"
  uuid:
    dependency: transitive
    description:
      name: uuid
      sha256: "9b129329f58692f6e6578329498a8fe9fbe98f090beb764ffbb8ee2eadd01dcd"
      url: "https://pub.dev"
    source: hosted
    version: "4.6.0"
  vector_math:
    dependency: transitive
    description:
      name: vector_math
      sha256: "1d774bbdf6b72a0b12122fc1560c9c2d2a67db5a4a4cc2bd8a5c990ab20e3188"
      url: "https://pub.dev"
    source: hosted
    version: "2.4.0"
  vm_service:
    dependency: transitive
    description:
      name: vm_service
      sha256: "5f37239c4851efcef929cea7824e76df7f2f0970aef85d66bbc430afa40e72f0"
      url: "https://pub.dev"
    source: hosted
    version: "15.3.0"
  watcher:
    dependency: transitive
    description:
      name: watcher
      sha256: "1398c9f081a753f9226febe8900fce8f7d0a67163334e1c94a2438339d79d635"
      url: "https://pub.dev"
    source: hosted
    version: "1.2.1"
  web:
    dependency: transitive
    description:
      name: web
      sha256: "868d88a33d8a87b18ffc05f9f030ba328ffefba92d6c127917a2ba740f9cfe4a"
      url: "https://pub.dev"
    source: hosted
    version: "1.1.1"
  web_socket:
    dependency: transitive
    description:
      name: web_socket
      sha256: "34d64019aa8e36bf9842ac014bb5d2f5586ca73df5e4d9bf5c936975cae6982c"
      url: "https://pub.dev"
    source: hosted
    version: "1.0.1"
  web_socket_channel:
    dependency: transitive
    description:
      name: web_socket_channel
      sha256: d645757fb0f4773d602444000a8131ff5d48c9e47adfe9772652dd1a4f2d45c8
      url: "https://pub.dev"
    source: hosted
    version: "3.0.3"
  yaml:
    dependency: transitive
    description:
      name: yaml
      sha256: f67cdd8e07d3c6329146aaef1ba043542b3134c12489f553ca9a7435d1068aea
      url: "https://pub.dev"
    source: hosted
    version: "3.1.4"
sdks:
  dart: ">=3.13.4 <4.0.0"
  flutter: ">=3.38.0"
